// !$*UTF8*$!
{
	archiveVersion = 1;
	classes = {
	};
	objectVersion = 77;
	objects = {

/* Begin PBXBuildFile section */
		79BD7D672E41068A00DC8B51 /* Config.plist in Resources */ = {isa = PBXBuildFile; fileRef = 79BD7D662E41068A00DC8B51 /* Config.plist */; };
		79BD7D772E4111AB00DC8B51 /* README.md in Resources */ = {isa = PBXBuildFile; fileRef = 79BD7D762E4111AB00DC8B51 /* README.md */; };
/* End PBXBuildFile section */

/* Begin PBXContainerItemProxy section */
		79BD7D492E41060C00DC8B51 /* PBXContainerItemProxy */ = {
			isa = PBXContainerItemProxy;
			containerPortal = 79BD7D332E41060800DC8B51 /* Project object */;
			proxyType = 1;
			remoteGlobalIDString = 79BD7D3A2E41060800DC8B51;
			remoteInfo = SwiftCocktails;
		};
		79BD7D532E41060C00DC8B51 /* PBXContainerItemProxy */ = {
			isa = PBXContainerItemProxy;
			containerPortal = 79BD7D332E41060800DC8B51 /* Project object */;
			proxyType = 1;
			remoteGlobalIDString = 79BD7D3A2E41060800DC8B51;
			remoteInfo = SwiftCocktails;
		};
/* End PBXContainerItemProxy section */

/* Begin PBXFileReference section */
		79BD7D3B2E41060800DC8B51 /* SwiftCocktails.app */ = {isa = PBXFileReference; explicitFileType = wrapper.application; includeInIndex = 0; path = SwiftCocktails.app; sourceTree = BUILT_PRODUCTS_DIR; };
		79BD7D482E41060C00DC8B51 /* SwiftCocktailsTests.xctest */ = {isa = PBXFileReference; explicitFileType = wrapper.cfbundle; includeInIndex = 0; path = SwiftCocktailsTests.xctest; sourceTree = BUILT_PRODUCTS_DIR; };
		79BD7D522E41060C00DC8B51 /* SwiftCocktailsUITests.xctest */ = {isa = PBXFileReference; explicitFileType = wrapper.cfbundle; includeInIndex = 0; path = SwiftCocktailsUITests.xctest; sourceTree = BUILT_PRODUCTS_DIR; };
		79BD7D662E41068A00DC8B51 /* Config.plist */ = {isa = PBXFileReference; lastKnownFileType = text.plist.xml; path = Config.plist; sourceTree = "<group>"; };
		79BD7D762E4111AB00DC8B51 /* README.md */ = {isa = PBXFileReference; lastKnownFileType = net.daringfireball.markdown; name = README.md; path = ../README.md; sourceTree = SOURCE_ROOT; };
/* End PBXFileReference section */

/* Begin PBXFileSystemSynchronizedRootGroup section */
		79BD7D3D2E41060800DC8B51 /* SwiftCocktails */ = {
			isa = PBXFileSystemSynchronizedRootGroup;
			path = SwiftCocktails;
			sourceTree = "<group>";
		};
		79BD7D4B2E41060C00DC8B51 /* SwiftCocktailsTests */ = {
			isa = PBXFileSystemSynchronizedRootGroup;
			path = SwiftCocktailsTests;
			sourceTree = "<group>";
		};
		79BD7D552E41060C00DC8B51 /* SwiftCocktailsUITests */ = {
			isa = PBXFileSystemSynchronizedRootGroup;
			path = SwiftCocktailsUITests;
			sourceTree = "<group>";
		};
/* End PBXFileSystemSynchronizedRootGroup section */

/* Begin PBXFrameworksBuildPhase section */
		79BD7D382E41060800DC8B51 /* Frameworks */ = {
			isa = PBXFrameworksBuildPhase;
			buildActionMask = 2147483647;
			files = (
			);
			runOnlyForDeploymentPostprocessing = 0;
		};
		79BD7D452E41060C00DC8B51 /* Frameworks */ = {
			isa = PBXFrameworksBuildPhase;
			buildActionMask = 2147483647;
			files = (
			);
			runOnlyForDeploymentPostprocessing = 0;
		};
		79BD7D4F2E41060C00DC8B51 /* Frameworks */ = {
			isa = PBXFrameworksBuildPhase;
			buildActionMask = 2147483647;
			files = (
			);
			runOnlyForDeploymentPostprocessing = 0;
		};
/* End PBXFrameworksBuildPhase section */

/* Begin PBXGroup section */
		79BD7D322E41060800DC8B51 = {
			isa = PBXGroup;
			children = (
				79BD7D662E41068A00DC8B51 /* Config.plist */,
				79BD7D762E4111AB00DC8B51 /* README.md */,
				79BD7D3D2E41060800DC8B51 /* SwiftCocktails */,
				79BD7D4B2E41060C00DC8B51 /* SwiftCocktailsTests */,
				79BD7D552E41060C00DC8B51 /* SwiftCocktailsUITests */,
				79BD7D3C2E41060800DC8B51 /* Products */,
			);
			sourceTree = "<group>";
		};
		79BD7D3C2E41060800DC8B51 /* Products */ = {
			isa = PBXGroup;
			children = (
				79BD7D3B2E41060800DC8B51 /* SwiftCocktails.app */,
				79BD7D482E41060C00DC8B51 /* SwiftCocktailsTests.xctest */,
				79BD7D522E41060C00DC8B51 /* SwiftCocktailsUITests.xctest */,
			);
			name = Products;
			sourceTree = "<group>";
		};
/* End PBXGroup section */

/* Begin PBXNativeTarget section */
		79BD7D3A2E41060800DC8B51 /* SwiftCocktails */ = {
			isa = PBXNativeTarget;
			buildConfigurationList = 79BD7D5C2E41060C00DC8B51 /* Build configuration list for PBXNativeTarget "SwiftCocktails" */;
			buildPhases = (
				79361C172E42B7260083BA53 /* ShellScript */,
				79BD7D372E41060800DC8B51 /* Sources */,
				79BD7D382E41060800DC8B51 /* Frameworks */,
				79BD7D392E41060800DC8B51 /* Resources */,
			);
			buildRules = (
			);
			dependencies = (
			);
			fileSystemSynchronizedGroups = (
				79BD7D3D2E41060800DC8B51 /* SwiftCocktails */,
			);
			name = SwiftCocktails;
			packageProductDependencies = (
			);
			productName = SwiftCocktails;
			productReference = 79BD7D3B2E41060800DC8B51 /* SwiftCocktails.app */;
			productType = "com.apple.product-type.application";
		};
		79BD7D472E41060C00DC8B51 /* SwiftCocktailsTests */ = {
			isa = PBXNativeTarget;
			buildConfigurationList = 79BD7D5F2E41060C00DC8B51 /* Build configuration list for PBXNativeTarget "SwiftCocktailsTests" */;
			buildPhases = (
				79BD7D442E41060C00DC8B51 /* Sources */,
				79BD7D452E41060C00DC8B51 /* Frameworks */,
				79BD7D462E41060C00DC8B51 /* Resources */,
			);
			buildRules = (
			);
			dependencies = (
				79BD7D4A2E41060C00DC8B51 /* PBXTargetDependency */,
			);
			fileSystemSynchronizedGroups = (
				79BD7D4B2E41060C00DC8B51 /* SwiftCocktailsTests */,
			);
			name = SwiftCocktailsTests;
			packageProductDependencies = (
			);
			productName = SwiftCocktailsTests;
			productReference = 79BD7D482E41060C00DC8B51 /* SwiftCocktailsTests.xctest */;
			productType = "com.apple.product-type.bundle.unit-test";
		};
		79BD7D512E41060C00DC8B51 /* SwiftCocktailsUITests */ = {
			isa = PBXNativeTarget;
			buildConfigurationList = 79BD7D622E41060C00DC8B51 /* Build configuration list for PBXNativeTarget "SwiftCocktailsUITests" */;
			buildPhases = (
				79BD7D4E2E41060C00DC8B51 /* Sources */,
				79BD7D4F2E41060C00DC8B51 /* Frameworks */,
				79BD7D502E41060C00DC8B51 /* Resources */,
			);
			buildRules = (
			);
			dependencies = (
				79BD7D542E41060C00DC8B51 /* PBXTargetDependency */,
			);
			fileSystemSynchronizedGroups = (
				79BD7D552E41060C00DC8B51 /* SwiftCocktailsUITests */,
			);
			name = SwiftCocktailsUITests;
			packageProductDependencies = (
			);
			productName = SwiftCocktailsUITests;
			productReference = 79BD7D522E41060C00DC8B51 /* SwiftCocktailsUITests.xctest */;
			productType = "com.apple.product-type.bundle.ui-testing";
		};
/* End PBXNativeTarget section */

/* Begin PBXProject section */
		79BD7D332E41060800DC8B51 /* Project object */ = {
			isa = PBXProject;
			attributes = {
				BuildIndependentTargetsInParallel = 1;
				LastSwiftUpdateCheck = 1640;
				LastUpgradeCheck = 1640;
				TargetAttributes = {
					79BD7D3A2E41060800DC8B51 = {
						CreatedOnToolsVersion = 16.4;
					};
					79BD7D472E41060C00DC8B51 = {
						CreatedOnToolsVersion = 16.4;
						TestTargetID = 79BD7D3A2E41060800DC8B51;
					};
					79BD7D512E41060C00DC8B51 = {
						CreatedOnToolsVersion = 16.4;
						TestTargetID = 79BD7D3A2E41060800DC8B51;
					};
				};
			};
			buildConfigurationList = 79BD7D362E41060800DC8B51 /* Build configuration list for PBXProject "SwiftCocktails" */;
			developmentRegion = en;
			hasScannedForEncodings = 0;
			knownRegions = (
				en,
				Base,
			);
			mainGroup = 79BD7D322E41060800DC8B51;
			minimizedProjectReferenceProxies = 1;
			preferredProjectObjectVersion = 77;
			productRefGroup = 79BD7D3C2E41060800DC8B51 /* Products */;
			projectDirPath = "";
			projectRoot = "";
			targets = (
				79BD7D3A2E41060800DC8B51 /* SwiftCocktails */,
				79BD7D472E41060C00DC8B51 /* SwiftCocktailsTests */,
				79BD7D512E41060C00DC8B51 /* SwiftCocktailsUITests */,
			);
		};
/* End PBXProject section */

/* Begin PBXResourcesBuildPhase section */
		79BD7D392E41060800DC8B51 /* Resources */ = {
			isa = PBXResourcesBuildPhase;
			buildActionMask = 2147483647;
			files = (
				79BD7D772E4111AB00DC8B51 /* README.md in Resources */,
				79BD7D672E41068A00DC8B51 /* Config.plist in Resources */,
			);
			runOnlyForDeploymentPostprocessing = 0;
		};
		79BD7D462E41060C00DC8B51 /* Resources */ = {
			isa = PBXResourcesBuildPhase;
			buildActionMask = 2147483647;
			files = (
			);
			runOnlyForDeploymentPostprocessing = 0;
		};
		79BD7D502E41060C00DC8B51 /* Resources */ = {
			isa = PBXResourcesBuildPhase;
			buildActionMask = 2147483647;
			files = (
			);
			runOnlyForDeploymentPostprocessing = 0;
		};
/* End PBXResourcesBuildPhase section */

/* Begin PBXShellScriptBuildPhase section */
		79361C172E42B7260083BA53 /* ShellScript */ = {
			isa = PBXShellScriptBuildPhase;
			alwaysOutOfDate = 1;
			buildActionMask = 2147483647;
			files = (
			);
			inputFileListPaths = (
			);
			inputPaths = (
			);
			outputFileListPaths = (
			);
			outputPaths = (
			);
			runOnlyForDeploymentPostprocessing = 0;
			shellPath = /bin/sh;
			shellScript = "echo \"🔎 SwiftLint started\"\necho \"📂 Current dir: $(pwd)\"\n\nif which swiftlint >/dev/null; then\n  swiftlint --config \"${SRCROOT}/.swiftlint.yml\"\nelse\n  echo \"warning: SwiftLint not installed. Download it from https://github.com/realm/SwiftLint\"\nfi\n";
		};
/* End PBXShellScriptBuildPhase section */

/* Begin PBXSourcesBuildPhase section */
		79BD7D372E41060800DC8B51 /* Sources */ = {
			isa = PBXSourcesBuildPhase;
			buildActionMask = 2147483647;
			files = (
			);
			runOnlyForDeploymentPostprocessing = 0;
		};
		79BD7D442E41060C00DC8B51 /* Sources */ = {
			isa = PBXSourcesBuildPhase;
			buildActionMask = 2147483647;
			files = (
			);
			runOnlyForDeploymentPostprocessing = 0;
		};
		79BD7D4E2E41060C00DC8B51 /* Sources */ = {
			isa = PBXSourcesBuildPhase;
			buildActionMask = 2147483647;
			files = (
			);
			runOnlyForDeploymentPostprocessing = 0;
		};
/* End PBXSourcesBuildPhase section */

/* Begin PBXTargetDependency section */
		79BD7D4A2E41060C00DC8B51 /* PBXTargetDependency */ = {
			isa = PBXTargetDependency;
			target = 79BD7D3A2E41060800DC8B51 /* SwiftCocktails */;
			targetProxy = 79BD7D492E41060C00DC8B51 /* PBXContainerItemProxy */;
		};
		79BD7D542E41060C00DC8B51 /* PBXTargetDependency */ = {
			isa = PBXTargetDependency;
			target = 79BD7D3A2E41060800DC8B51 /* SwiftCocktails */;
			targetProxy = 79BD7D532E41060C00DC8B51 /* PBXContainerItemProxy */;
		};
/* End PBXTargetDependency section */

/* Begin XCBuildConfiguration section */
		79BD7D5A2E41060C00DC8B51 /* Debug */ = {
			isa = XCBuildConfiguration;
			buildSettings = {
				ALWAYS_SEARCH_USER_PATHS = NO;
				ASSETCATALOG_COMPILER_GENERATE_SWIFT_ASSET_SYMBOL_EXTENSIONS = YES;
				CLANG_ANALYZER_NONNULL = YES;
				CLANG_ANALYZER_NUMBER_OBJECT_CONVERSION = YES_AGGRESSIVE;
				CLANG_CXX_LANGUAGE_STANDARD = "gnu++20";
				CLANG_ENABLE_MODULES = YES;
				CLANG_ENABLE_OBJC_ARC = YES;
				CLANG_ENABLE_OBJC_WEAK = YES;
				CLANG_WARN_BLOCK_CAPTURE_AUTORELEASING = YES;
				CLANG_WARN_BOOL_CONVERSION = YES;
				CLANG_WARN_COMMA = YES;
				CLANG_WARN_CONSTANT_CONVERSION = YES;
				CLANG_WARN_DEPRECATED_OBJC_IMPLEMENTATIONS = YES;
				CLANG_WARN_DIRECT_OBJC_ISA_USAGE = YES_ERROR;
				CLANG_WARN_DOCUMENTATION_COMMENTS = YES;
				CLANG_WARN_EMPTY_BODY = YES;
				CLANG_WARN_ENUM_CONVERSION = YES;
				CLANG_WARN_INFINITE_RECURSION = YES;
				CLANG_WARN_INT_CONVERSION = YES;
				CLANG_WARN_NON_LITERAL_NULL_CONVERSION = YES;
				CLANG_WARN_OBJC_IMPLICIT_RETAIN_SELF = YES;
				CLANG_WARN_OBJC_LITERAL_CONVERSION = YES;
				CLANG_WARN_OBJC_ROOT_CLASS = YES_ERROR;
				CLANG_WARN_QUOTED_INCLUDE_IN_FRAMEWORK_HEADER = YES;
				CLANG_WARN_RANGE_LOOP_ANALYSIS = YES;
				CLANG_WARN_STRICT_PROTOTYPES = YES;
				CLANG_WARN_SUSPICIOUS_MOVE = YES;
				CLANG_WARN_UNGUARDED_AVAILABILITY = YES_AGGRESSIVE;
				CLANG_WARN_UNREACHABLE_CODE = YES;
				CLANG_WARN__DUPLICATE_METHOD_MATCH = YES;
				COPY_PHASE_STRIP = NO;
				DEBUG_INFORMATION_FORMAT = dwarf;
				DEVELOPMENT_TEAM = 37KUSY2NJ4;
				ENABLE_STRICT_OBJC_MSGSEND = YES;
				ENABLE_TESTABILITY = YES;
				ENABLE_USER_SCRIPT_SANDBOXING = YES;
				GCC_C_LANGUAGE_STANDARD = gnu17;
				GCC_DYNAMIC_NO_PIC = NO;
				GCC_NO_COMMON_BLOCKS = YES;
				GCC_OPTIMIZATION_LEVEL = 0;
				GCC_PREPROCESSOR_DEFINITIONS = (
					"DEBUG=1",
					"$(inherited)",
				);
				GCC_WARN_64_TO_32_BIT_CONVERSION = YES;
				GCC_WARN_ABOUT_RETURN_TYPE = YES_ERROR;
				GCC_WARN_UNDECLARED_SELECTOR = YES;
				GCC_WARN_UNINITIALIZED_AUTOS = YES_AGGRESSIVE;
				GCC_WARN_UNUSED_FUNCTION = YES;
				GCC_WARN_UNUSED_VARIABLE = YES;
				IPHONEOS_DEPLOYMENT_TARGET = 18.5;
				LOCALIZATION_PREFERS_STRING_CATALOGS = YES;
				MTL_ENABLE_DEBUG_INFO = INCLUDE_SOURCE;
				MTL_FAST_MATH = YES;
				ONLY_ACTIVE_ARCH = YES;
				SDKROOT = iphoneos;
				SWIFT_ACTIVE_COMPILATION_CONDITIONS = "DEBUG $(inherited)";
				SWIFT_OPTIMIZATION_LEVEL = "-Onone";
			};
			name = Debug;
		};
		79BD7D5B2E41060C00DC8B51 /* Release */ = {
			isa = XCBuildConfiguration;
			buildSettings = {
				ALWAYS_SEARCH_USER_PATHS = NO;
				ASSETCATALOG_COMPILER_GENERATE_SWIFT_ASSET_SYMBOL_EXTENSIONS = YES;
				CLANG_ANALYZER_NONNULL = YES;
				CLANG_ANALYZER_NUMBER_OBJECT_CONVERSION = YES_AGGRESSIVE;
				CLANG_CXX_LANGUAGE_STANDARD = "gnu++20";
				CLANG_ENABLE_MODULES = YES;
				CLANG_ENABLE_OBJC_ARC = YES;
				CLANG_ENABLE_OBJC_WEAK = YES;
				CLANG_WARN_BLOCK_CAPTURE_AUTORELEASING = YES;
				CLANG_WARN_BOOL_CONVERSION = YES;
				CLANG_WARN_COMMA = YES;
				CLANG_WARN_CONSTANT_CONVERSION = YES;
				CLANG_WARN_DEPRECATED_OBJC_IMPLEMENTATIONS = YES;
				CLANG_WARN_DIRECT_OBJC_ISA_USAGE = YES_ERROR;
				CLANG_WARN_DOCUMENTATION_COMMENTS = YES;
				CLANG_WARN_EMPTY_BODY = YES;
				CLANG_WARN_ENUM_CONVERSION = YES;
				CLANG_WARN_INFINITE_RECURSION = YES;
				CLANG_WARN_INT_CONVERSION = YES;
				CLANG_WARN_NON_LITERAL_NULL_CONVERSION = YES;
				CLANG_WARN_OBJC_IMPLICIT_RETAIN_SELF = YES;
				CLANG_WARN_OBJC_LITERAL_CONVERSION = YES;
				CLANG_WARN_OBJC_ROOT_CLASS = YES_ERROR;
				CLANG_WARN_QUOTED_INCLUDE_IN_FRAMEWORK_HEADER = YES;
				CLANG_WARN_RANGE_LOOP_ANALYSIS = YES;
				CLANG_WARN_STRICT_PROTOTYPES = YES;
				CLANG_WARN_SUSPICIOUS_MOVE = YES;
				CLANG_WARN_UNGUARDED_AVAILABILITY = YES_AGGRESSIVE;
				CLANG_WARN_UNREACHABLE_CODE = YES;
				CLANG_WARN__DUPLICATE_METHOD_MATCH = YES;
				COPY_PHASE_STRIP = NO;
				DEBUG_INFORMATION_FORMAT = "dwarf-with-dsym";
				DEVELOPMENT_TEAM = 37KUSY2NJ4;
				ENABLE_NS_ASSERTIONS = NO;
				ENABLE_STRICT_OBJC_MSGSEND = YES;
				ENABLE_USER_SCRIPT_SANDBOXING = YES;
				GCC_C_LANGUAGE_STANDARD = gnu17;
				GCC_NO_COMMON_BLOCKS = YES;
				GCC_WARN_64_TO_32_BIT_CONVERSION = YES;
				GCC_WARN_ABOUT_RETURN_TYPE = YES_ERROR;
				GCC_WARN_UNDECLARED_SELECTOR = YES;
				GCC_WARN_UNINITIALIZED_AUTOS = YES_AGGRESSIVE;
				GCC_WARN_UNUSED_FUNCTION = YES;
				GCC_WARN_UNUSED_VARIABLE = YES;
				IPHONEOS_DEPLOYMENT_TARGET = 18.5;
				LOCALIZATION_PREFERS_STRING_CATALOGS = YES;
				MTL_ENABLE_DEBUG_INFO = NO;
				MTL_FAST_MATH = YES;
				SDKROOT = iphoneos;
				SWIFT_COMPILATION_MODE = wholemodule;
				VALIDATE_PRODUCT = YES;
			};
			name = Release;
		};
		79BD7D5D2E41060C00DC8B51 /* Debug */ = {
			isa = XCBuildConfiguration;
			buildSettings = {
				ASSETCATALOG_COMPILER_APPICON_NAME = AppIcon;
				ASSETCATALOG_COMPILER_GLOBAL_ACCENT_COLOR_NAME = AccentColor;
				CODE_SIGN_STYLE = Automatic;
				CURRENT_PROJECT_VERSION = 1;
				DEVELOPMENT_TEAM = 37KUSY2NJ4;
				ENABLE_PREVIEWS = YES;
				ENABLE_USER_SCRIPT_SANDBOXING = NO;
				GENERATE_INFOPLIST_FILE = YES;
				INFOPLIST_KEY_UIApplicationSceneManifest_Generation = YES;
				INFOPLIST_KEY_UIApplicationSupportsIndirectInputEvents = YES;
				INFOPLIST_KEY_UILaunchScreen_Generation = YES;
				INFOPLIST_KEY_UISupportedInterfaceOrientations_iPad = "UIInterfaceOrientationPortrait UIInterfaceOrientationPortraitUpsideDown UIInterfaceOrientationLandscapeLeft UIInterfaceOrientationLandscapeRight";
				INFOPLIST_KEY_UISupportedInterfaceOrientations_iPhone = "UIInterfaceOrientationPortrait UIInterfaceOrientationLandscapeLeft UIInterfaceOrientationLandscapeRight";
				LD_RUNPATH_SEARCH_PATHS = (
					"$(inherited)",
					"@executable_path/Frameworks",
				);
				MARKETING_VERSION = 1.0;
				PRODUCT_BUNDLE_IDENTIFIER = app.macberry.SwiftCocktails;
				PRODUCT_NAME = "$(TARGET_NAME)";
				SWIFT_EMIT_LOC_STRINGS = YES;
				SWIFT_VERSION = 5.0;
				TARGETED_DEVICE_FAMILY = "1,2";
			};
			name = Debug;
		};
		79BD7D5E2E41060C00DC8B51 /* Release */ = {
			isa = XCBuildConfiguration;
			buildSettings = {
				ASSETCATALOG_COMPILER_APPICON_NAME = AppIcon;
				ASSETCATALOG_COMPILER_GLOBAL_ACCENT_COLOR_NAME = AccentColor;
				CODE_SIGN_STYLE = Automatic;
				CURRENT_PROJECT_VERSION = 1;
				DEVELOPMENT_TEAM = 37KUSY2NJ4;
				ENABLE_PREVIEWS = YES;
				ENABLE_USER_SCRIPT_SANDBOXING = NO;
				GENERATE_INFOPLIST_FILE = YES;
				INFOPLIST_KEY_UIApplicationSceneManifest_Generation = YES;
				INFOPLIST_KEY_UIApplicationSupportsIndirectInputEvents = YES;
				INFOPLIST_KEY_UILaunchScreen_Generation = YES;
				INFOPLIST_KEY_UISupportedInterfaceOrientations_iPad = "UIInterfaceOrientationPortrait UIInterfaceOrientationPortraitUpsideDown UIInterfaceOrientationLandscapeLeft UIInterfaceOrientationLandscapeRight";
				INFOPLIST_KEY_UISupportedInterfaceOrientations_iPhone = "UIInterfaceOrientationPortrait UIInterfaceOrientationLandscapeLeft UIInterfaceOrientationLandscapeRight";
				LD_RUNPATH_SEARCH_PATHS = (
					"$(inherited)",
					"@executable_path/Frameworks",
				);
				MARKETING_VERSION = 1.0;
				PRODUCT_BUNDLE_IDENTIFIER = app.macberry.SwiftCocktails;
				PRODUCT_NAME = "$(TARGET_NAME)";
				SWIFT_EMIT_LOC_STRINGS = YES;
				SWIFT_VERSION = 5.0;
				TARGETED_DEVICE_FAMILY = "1,2";
			};
			name = Release;
		};
		79BD7D602E41060C00DC8B51 /* Debug */ = {
			isa = XCBuildConfiguration;
			buildSettings = {
				BUNDLE_LOADER = "$(TEST_HOST)";
				CODE_SIGN_STYLE = Automatic;
				CURRENT_PROJECT_VERSION = 1;
				DEVELOPMENT_TEAM = 37KUSY2NJ4;
				GENERATE_INFOPLIST_FILE = YES;
				IPHONEOS_DEPLOYMENT_TARGET = 18.5;
				MARKETING_VERSION = 1.0;
				PRODUCT_BUNDLE_IDENTIFIER = app.macberry.SwiftCocktailsTests;
				PRODUCT_NAME = "$(TARGET_NAME)";
				SWIFT_EMIT_LOC_STRINGS = NO;
				SWIFT_VERSION = 5.0;
				TARGETED_DEVICE_FAMILY = "1,2";
				TEST_HOST = "$(BUILT_PRODUCTS_DIR)/SwiftCocktails.app/$(BUNDLE_EXECUTABLE_FOLDER_PATH)/SwiftCocktails";
			};
			name = Debug;
		};
		79BD7D612E41060C00DC8B51 /* Release */ = {
			isa = XCBuildConfiguration;
			buildSettings = {
				BUNDLE_LOADER = "$(TEST_HOST)";
				CODE_SIGN_STYLE = Automatic;
				CURRENT_PROJECT_VERSION = 1;
				DEVELOPMENT_TEAM = 37KUSY2NJ4;
				GENERATE_INFOPLIST_FILE = YES;
				IPHONEOS_DEPLOYMENT_TARGET = 18.5;
				MARKETING_VERSION = 1.0;
				PRODUCT_BUNDLE_IDENTIFIER = app.macberry.SwiftCocktailsTests;
				PRODUCT_NAME = "$(TARGET_NAME)";
				SWIFT_EMIT_LOC_STRINGS = NO;
				SWIFT_VERSION = 5.0;
				TARGETED_DEVICE_FAMILY = "1,2";
				TEST_HOST = "$(BUILT_PRODUCTS_DIR)/SwiftCocktails.app/$(BUNDLE_EXECUTABLE_FOLDER_PATH)/SwiftCocktails";
			};
			name = Release;
		};
		79BD7D632E41060C00DC8B51 /* Debug */ = {
			isa = XCBuildConfiguration;
			buildSettings = {
				CODE_SIGN_STYLE = Automatic;
				CURRENT_PROJECT_VERSION = 1;
				DEVELOPMENT_TEAM = 37KUSY2NJ4;
				GENERATE_INFOPLIST_FILE = YES;
				MARKETING_VERSION = 1.0;
				PRODUCT_BUNDLE_IDENTIFIER = app.macberry.SwiftCocktailsUITests;
				PRODUCT_NAME = "$(TARGET_NAME)";
				SWIFT_EMIT_LOC_STRINGS = NO;
				SWIFT_VERSION = 5.0;
				TARGETED_DEVICE_FAMILY = "1,2";
				TEST_TARGET_NAME = SwiftCocktails;
			};
			name = Debug;
		};
		79BD7D642E41060C00DC8B51 /* Release */ = {
			isa = XCBuildConfiguration;
			buildSettings = {
				CODE_SIGN_STYLE = Automatic;
				CURRENT_PROJECT_VERSION = 1;
				DEVELOPMENT_TEAM = 37KUSY2NJ4;
				GENERATE_INFOPLIST_FILE = YES;
				MARKETING_VERSION = 1.0;
				PRODUCT_BUNDLE_IDENTIFIER = app.macberry.SwiftCocktailsUITests;
				PRODUCT_NAME = "$(TARGET_NAME)";
				SWIFT_EMIT_LOC_STRINGS = NO;
				SWIFT_VERSION = 5.0;
				TARGETED_DEVICE_FAMILY = "1,2";
				TEST_TARGET_NAME = SwiftCocktails;
			};
			name = Release;
		};
/* End XCBuildConfiguration section */

/* Begin XCConfigurationList section */
		79BD7D362E41060800DC8B51 /* Build configuration list for PBXProject "SwiftCocktails" */ = {
			isa = XCConfigurationList;
			buildConfigurations = (
				79BD7D5A2E41060C00DC8B51 /* Debug */,
				79BD7D5B2E41060C00DC8B51 /* Release */,
			);
			defaultConfigurationIsVisible = 0;
			defaultConfigurationName = Release;
		};
		79BD7D5C2E41060C00DC8B51 /* Build configuration list for PBXNativeTarget "SwiftCocktails" */ = {
			isa = XCConfigurationList;
			buildConfigurations = (
				79BD7D5D2E41060C00DC8B51 /* Debug */,
				79BD7D5E2E41060C00DC8B51 /* Release */,
			);
			defaultConfigurationIsVisible = 0;
			defaultConfigurationName = Release;
		};
		79BD7D5F2E41060C00DC8B51 /* Build configuration list for PBXNativeTarget "SwiftCocktailsTests" */ = {
			isa = XCConfigurationList;
			buildConfigurations = (
				79BD7D602E41060C00DC8B51 /* Debug */,
				79BD7D612E41060C00DC8B51 /* Release */,
			);
			defaultConfigurationIsVisible = 0;
			defaultConfigurationName = Release;
		};
		79BD7D622E41060C00DC8B51 /* Build configuration list for PBXNativeTarget "SwiftCocktailsUITests" */ = {
			isa = XCConfigurationList;
			buildConfigurations = (
				79BD7D632E41060C00DC8B51 /* Debug */,
				79BD7D642E41060C00DC8B51 /* Release */,
			);
			defaultConfigurationIsVisible = 0;
			defaultConfigurationName = Release;
		};
/* End XCConfigurationList section */
	};
	rootObject = 79BD7D332E41060800DC8B51 /* Project object */;
}
